// !$*UTF8*$!
{
	archiveVersion = 1;
	classes = {
	};
	objectVersion = 50;
	objects = {

/* Begin PBXBuildFile section */
		9FC33AA0255EF64B00559CDE /* CoreDataExampleApp.swift in Sources */ = {isa = PBXBuildFile; fileRef = 9FC33A8D255EF64900559CDE /* CoreDataExampleApp.swift */; };
		9FC33AA1255EF64B00559CDE /* CoreDataExampleApp.swift in Sources */ = {isa = PBXBuildFile; fileRef = 9FC33A8D255EF64900559CDE /* CoreDataExampleApp.swift */; };
		9FC33AA2255EF64B00559CDE /* ContentView.swift in Sources */ = {isa = PBXBuildFile; fileRef = 9FC33A8E255EF64900559CDE /* ContentView.swift */; };
		9FC33AA3255EF64B00559CDE /* ContentView.swift in Sources */ = {isa = PBXBuildFile; fileRef = 9FC33A8E255EF64900559CDE /* ContentView.swift */; };
		9FC33AA4255EF64B00559CDE /* Assets.xcassets in Resources */ = {isa = PBXBuildFile; fileRef = 9FC33A8F255EF64B00559CDE /* Assets.xcassets */; };
		9FC33AA5255EF64B00559CDE /* Assets.xcassets in Resources */ = {isa = PBXBuildFile; fileRef = 9FC33A8F255EF64B00559CDE /* Assets.xcassets */; };
		9FC33AB2255EF66300559CDE /* CoreDataExample.xcdatamodeld in Sources */ = {isa = PBXBuildFile; fileRef = 9FC33AB0255EF66300559CDE /* CoreDataExample.xcdatamodeld */; };
		9FC33AB3255EF66300559CDE /* CoreDataExample.xcdatamodeld in Sources */ = {isa = PBXBuildFile; fileRef = 9FC33AB0255EF66300559CDE /* CoreDataExample.xcdatamodeld */; };
		9FC33AB7255EF6BF00559CDE /* Persistence.swift in Sources */ = {isa = PBXBuildFile; fileRef = 9FC33AB6255EF6BF00559CDE /* Persistence.swift */; };
		9FC33AB8255EF6BF00559CDE /* Persistence.swift in Sources */ = {isa = PBXBuildFile; fileRef = 9FC33AB6255EF6BF00559CDE /* Persistence.swift */; };
/* End PBXBuildFile section */

/* Begin PBXFileReference section */
		9FC33A8D255EF64900559CDE /* CoreDataExampleApp.swift */ = {isa = PBXFileReference; lastKnownFileType = sourcecode.swift; path = CoreDataExampleApp.swift; sourceTree = "<group>"; };
		9FC33A8E255EF64900559CDE /* ContentView.swift */ = {isa = PBXFileReference; lastKnownFileType = sourcecode.swift; path = ContentView.swift; sourceTree = "<group>"; };
		9FC33A8F255EF64B00559CDE /* Assets.xcassets */ = {isa = PBXFileReference; lastKnownFileType = folder.assetcatalog; path = Assets.xcassets; sourceTree = "<group>"; };
		9FC33A94255EF64B00559CDE /* CoreDataExample.app */ = {isa = PBXFileReference; explicitFileType = wrapper.application; includeInIndex = 0; path = CoreDataExample.app; sourceTree = BUILT_PRODUCTS_DIR; };
		9FC33A97255EF64B00559CDE /* Info.plist */ = {isa = PBXFileReference; lastKnownFileType = text.plist.xml; path = Info.plist; sourceTree = "<group>"; };
		9FC33A9C255EF64B00559CDE /* CoreDataExample.app */ = {isa = PBXFileReference; explicitFileType = wrapper.application; includeInIndex = 0; path = CoreDataExample.app; sourceTree = BUILT_PRODUCTS_DIR; };
		9FC33A9E255EF64B00559CDE /* Info.plist */ = {isa = PBXFileReference; lastKnownFileType = text.plist.xml; path = Info.plist; sourceTree = "<group>"; };
		9FC33A9F255EF64B00559CDE /* macOS.entitlements */ = {isa = PBXFileReference; lastKnownFileType = text.plist.entitlements; path = macOS.entitlements; sourceTree = "<group>"; };
		9FC33AB1255EF66300559CDE /* CoreDataExample.xcdatamodel */ = {isa = PBXFileReference; lastKnownFileType = wrapper.xcdatamodel; path = CoreDataExample.xcdatamodel; sourceTree = "<group>"; };
		9FC33AB6255EF6BF00559CDE /* Persistence.swift */ = {isa = PBXFileReference; lastKnownFileType = sourcecode.swift; path = Persistence.swift; sourceTree = "<group>"; };
/* End PBXFileReference section */

/* Begin PBXFrameworksBuildPhase section */
		9FC33A91255EF64B00559CDE /* Frameworks */ = {
			isa = PBXFrameworksBuildPhase;
			buildActionMask = 2147483647;
			files = (
			);
			runOnlyForDeploymentPostprocessing = 0;
		};
		9FC33A99255EF64B00559CDE /* Frameworks */ = {
			isa = PBXFrameworksBuildPhase;
			buildActionMask = 2147483647;
			files = (
			);
			runOnlyForDeploymentPostprocessing = 0;
		};
/* End PBXFrameworksBuildPhase section */

/* Begin PBXGroup section */
		9FC33A87255EF64900559CDE = {
			isa = PBXGroup;
			children = (
				9FC33A8C255EF64900559CDE /* Shared */,
				9FC33A96255EF64B00559CDE /* iOS */,
				9FC33A9D255EF64B00559CDE /* macOS */,
				9FC33A95255EF64B00559CDE /* Products */,
			);
			sourceTree = "<group>";
		};
		9FC33A8C255EF64900559CDE /* Shared */ = {
			isa = PBXGroup;
			children = (
				9FC33A8D255EF64900559CDE /* CoreDataExampleApp.swift */,
				9FC33A8E255EF64900559CDE /* ContentView.swift */,
				9FC33A8F255EF64B00559CDE /* Assets.xcassets */,
				9FC33AB0255EF66300559CDE /* CoreDataExample.xcdatamodeld */,
				9FC33AB6255EF6BF00559CDE /* Persistence.swift */,
			);
			path = Shared;
			sourceTree = "<group>";
		};
		9FC33A95255EF64B00559CDE /* Products */ = {
			isa = PBXGroup;
			children = (
				9FC33A94255EF64B00559CDE /* CoreDataExample.app */,
				9FC33A9C255EF64B00559CDE /* CoreDataExample.app */,
			);
			name = Products;
			sourceTree = "<group>";
		};
		9FC33A96255EF64B00559CDE /* iOS */ = {
			isa = PBXGroup;
			children = (
				9FC33A97255EF64B00559CDE /* Info.plist */,
			);
			path = iOS;
			sourceTree = "<group>";
		};
		9FC33A9D255EF64B00559CDE /* macOS */ = {
			isa = PBXGroup;
			children = (
				9FC33A9E255EF64B00559CDE /* Info.plist */,
				9FC33A9F255EF64B00559CDE /* macOS.entitlements */,
			);
			path = macOS;
			sourceTree = "<group>";
		};
/* End PBXGroup section */

/* Begin PBXNativeTarget section */
		9FC33A93255EF64B00559CDE /* CoreDataExample (iOS) */ = {
			isa = PBXNativeTarget;
			buildConfigurationList = 9FC33AA8255EF64B00559CDE /* Build configuration list for PBXNativeTarget "CoreDataExample (iOS)" */;
			buildPhases = (
				9FC33A90255EF64B00559CDE /* Sources */,
				9FC33A91255EF64B00559CDE /* Frameworks */,
				9FC33A92255EF64B00559CDE /* Resources */,
			);
			buildRules = (
			);
			dependencies = (
			);
			name = "CoreDataExample (iOS)";
			productName = "CoreDataExample (iOS)";
			productReference = 9FC33A94255EF64B00559CDE /* CoreDataExample.app */;
			productType = "com.apple.product-type.application";
		};
		9FC33A9B255EF64B00559CDE /* CoreDataExample (macOS) */ = {
			isa = PBXNativeTarget;
			buildConfigurationList = 9FC33AAB255EF64B00559CDE /* Build configuration list for PBXNativeTarget "CoreDataExample (macOS)" */;
			buildPhases = (
				9FC33A98255EF64B00559CDE /* Sources */,
				9FC33A99255EF64B00559CDE /* Frameworks */,
				9FC33A9A255EF64B00559CDE /* Resources */,
			);
			buildRules = (
			);
			dependencies = (
			);
			name = "CoreDataExample (macOS)";
			productName = "CoreDataExample (macOS)";
			productReference = 9FC33A9C255EF64B00559CDE /* CoreDataExample.app */;
			productType = "com.apple.product-type.application";
		};
/* End PBXNativeTarget section */

/* Begin PBXProject section */
		9FC33A88255EF64900559CDE /* Project object */ = {
			isa = PBXProject;
			attributes = {
				LastSwiftUpdateCheck = 1220;
				LastUpgradeCheck = 1220;
				TargetAttributes = {
					9FC33A93255EF64B00559CDE = {
						CreatedOnToolsVersion = 12.2;
					};
					9FC33A9B255EF64B00559CDE = {
						CreatedOnToolsVersion = 12.2;
					};
				};
			};
			buildConfigurationList = 9FC33A8B255EF64900559CDE /* Build configuration list for PBXProject "CoreDataExample" */;
			compatibilityVersion = "Xcode 9.3";
			developmentRegion = en;
			hasScannedForEncodings = 0;
			knownRegions = (
				en,
				Base,
			);
			mainGroup = 9FC33A87255EF64900559CDE;
			productRefGroup = 9FC33A95255EF64B00559CDE /* Products */;
			projectDirPath = "";
			projectRoot = "";
			targets = (
				9FC33A93255EF64B00559CDE /* CoreDataExample (iOS) */,
				9FC33A9B255EF64B00559CDE /* CoreDataExample (macOS) */,
			);
		};
/* End PBXProject section */

/* Begin PBXResourcesBuildPhase section */
		9FC33A92255EF64B00559CDE /* Resources */ = {
			isa = PBXResourcesBuildPhase;
			buildActionMask = 2147483647;
			files = (
				9FC33AA4255EF64B00559CDE /* Assets.xcassets in Resources */,
			);
			runOnlyForDeploymentPostprocessing = 0;
		};
		9FC33A9A255EF64B00559CDE /* Resources */ = {
			isa = PBXResourcesBuildPhase;
			buildActionMask = 2147483647;
			files = (
				9FC33AA5255EF64B00559CDE /* Assets.xcassets in Resources */,
			);
			runOnlyForDeploymentPostprocessing = 0;
		};
/* End PBXResourcesBuildPhase section */

/* Begin PBXSourcesBuildPhase section */
		9FC33A90255EF64B00559CDE /* Sources */ = {
			isa = PBXSourcesBuildPhase;
			buildActionMask = 2147483647;
			files = (
				9FC33AA2255EF64B00559CDE /* ContentView.swift in Sources */,
				9FC33AB7255EF6BF00559CDE /* Persistence.swift in Sources */,
				9FC33AA0255EF64B00559CDE /* CoreDataExampleApp.swift in Sources */,
				9FC33AB2255EF66300559CDE /* CoreDataExample.xcdatamodeld in Sources */,
			);
			runOnlyForDeploymentPostprocessing = 0;
		};
		9FC33A98255EF64B00559CDE /* Sources */ = {
			isa = PBXSourcesBuildPhase;
			buildActionMask = 2147483647;
			files = (
				9FC33AA3255EF64B00559CDE /* ContentView.swift in Sources */,
				9FC33AB8255EF6BF00559CDE /* Persistence.swift in Sources */,
				9FC33AA1255EF64B00559CDE /* CoreDataExampleApp.swift in Sources */,
				9FC33AB3255EF66300559CDE /* CoreDataExample.xcdatamodeld in Sources */,
			);
			runOnlyForDeploymentPostprocessing = 0;
		};
/* End PBXSourcesBuildPhase section */

/* Begin XCBuildConfiguration section */
		9FC33AA6255EF64B00559CDE /* Debug */ = {
			isa = XCBuildConfiguration;
			buildSettings = {
				ALWAYS_SEARCH_USER_PATHS = NO;
				CLANG_ANALYZER_NONNULL = YES;
				CLANG_ANALYZER_NUMBER_OBJECT_CONVERSION = YES_AGGRESSIVE;
				CLANG_CXX_LANGUAGE_STANDARD = "gnu++14";
				CLANG_CXX_LIBRARY = "libc++";
				CLANG_ENABLE_MODULES = YES;
				CLANG_ENABLE_OBJC_ARC = YES;
				CLANG_ENABLE_OBJC_WEAK = YES;
				CLANG_WARN_BLOCK_CAPTURE_AUTORELEASING = YES;
				CLANG_WARN_BOOL_CONVERSION = YES;
				CLANG_WARN_COMMA = YES;
				CLANG_WARN_CONSTANT_CONVERSION = YES;
				CLANG_WARN_DEPRECATED_OBJC_IMPLEMENTATIONS = YES;
				CLANG_WARN_DIRECT_OBJC_ISA_USAGE = YES_ERROR;
				CLANG_WARN_DOCUMENTATION_COMMENTS = YES;
				CLANG_WARN_EMPTY_BODY = YES;
				CLANG_WARN_ENUM_CONVERSION = YES;
				CLANG_WARN_INFINITE_RECURSION = YES;
				CLANG_WARN_INT_CONVERSION = YES;
				CLANG_WARN_NON_LITERAL_NULL_CONVERSION = YES;
				CLANG_WARN_OBJC_IMPLICIT_RETAIN_SELF = YES;
				CLANG_WARN_OBJC_LITERAL_CONVERSION = YES;
				CLANG_WARN_OBJC_ROOT_CLASS = YES_ERROR;
				CLANG_WARN_QUOTED_INCLUDE_IN_FRAMEWORK_HEADER = YES;
				CLANG_WARN_RANGE_LOOP_ANALYSIS = YES;
				CLANG_WARN_STRICT_PROTOTYPES = YES;
				CLANG_WARN_SUSPICIOUS_MOVE = YES;
				CLANG_WARN_UNGUARDED_AVAILABILITY = YES_AGGRESSIVE;
				CLANG_WARN_UNREACHABLE_CODE = YES;
				CLANG_WARN__DUPLICATE_METHOD_MATCH = YES;
				COPY_PHASE_STRIP = NO;
				DEBUG_INFORMATION_FORMAT = dwarf;
				ENABLE_STRICT_OBJC_MSGSEND = YES;
				ENABLE_TESTABILITY = YES;
				GCC_C_LANGUAGE_STANDARD = gnu11;
				GCC_DYNAMIC_NO_PIC = NO;
				GCC_NO_COMMON_BLOCKS = YES;
				GCC_OPTIMIZATION_LEVEL = 0;
				GCC_PREPROCESSOR_DEFINITIONS = (
					"DEBUG=1",
					"$(inherited)",
				);
				GCC_WARN_64_TO_32_BIT_CONVERSION = YES;
				GCC_WARN_ABOUT_RETURN_TYPE = YES_ERROR;
				GCC_WARN_UNDECLARED_SELECTOR = YES;
				GCC_WARN_UNINITIALIZED_AUTOS = YES_AGGRESSIVE;
				GCC_WARN_UNUSED_FUNCTION = YES;
				GCC_WARN_UNUSED_VARIABLE = YES;
				MTL_ENABLE_DEBUG_INFO = INCLUDE_SOURCE;
				MTL_FAST_MATH = YES;
				ONLY_ACTIVE_ARCH = YES;
				SWIFT_ACTIVE_COMPILATION_CONDITIONS = DEBUG;
				SWIFT_OPTIMIZATION_LEVEL = "-Onone";
			};
			name = Debug;
		};
		9FC33AA7255EF64B00559CDE /* Release */ = {
			isa = XCBuildConfiguration;
			buildSettings = {
				ALWAYS_SEARCH_USER_PATHS = NO;
				CLANG_ANALYZER_NONNULL = YES;
				CLANG_ANALYZER_NUMBER_OBJECT_CONVERSION = YES_AGGRESSIVE;
				CLANG_CXX_LANGUAGE_STANDARD = "gnu++14";
				CLANG_CXX_LIBRARY = "libc++";
				CLANG_ENABLE_MODULES = YES;
				CLANG_ENABLE_OBJC_ARC = YES;
				CLANG_ENABLE_OBJC_WEAK = YES;
				CLANG_WARN_BLOCK_CAPTURE_AUTORELEASING = YES;
				CLANG_WARN_BOOL_CONVERSION = YES;
				CLANG_WARN_COMMA = YES;
				CLANG_WARN_CONSTANT_CONVERSION = YES;
				CLANG_WARN_DEPRECATED_OBJC_IMPLEMENTATIONS = YES;
				CLANG_WARN_DIRECT_OBJC_ISA_USAGE = YES_ERROR;
				CLANG_WARN_DOCUMENTATION_COMMENTS = YES;
				CLANG_WARN_EMPTY_BODY = YES;
				CLANG_WARN_ENUM_CONVERSION = YES;
				CLANG_WARN_INFINITE_RECURSION = YES;
				CLANG_WARN_INT_CONVERSION = YES;
				CLANG_WARN_NON_LITERAL_NULL_CONVERSION = YES;
				CLANG_WARN_OBJC_IMPLICIT_RETAIN_SELF = YES;
				CLANG_WARN_OBJC_LITERAL_CONVERSION = YES;
				CLANG_WARN_OBJC_ROOT_CLASS = YES_ERROR;
				CLANG_WARN_QUOTED_INCLUDE_IN_FRAMEWORK_HEADER = YES;
				CLANG_WARN_RANGE_LOOP_ANALYSIS = YES;
				CLANG_WARN_STRICT_PROTOTYPES = YES;
				CLANG_WARN_SUSPICIOUS_MOVE = YES;
				CLANG_WARN_UNGUARDED_AVAILABILITY = YES_AGGRESSIVE;
				CLANG_WARN_UNREACHABLE_CODE = YES;
				CLANG_WARN__DUPLICATE_METHOD_MATCH = YES;
				COPY_PHASE_STRIP = NO;
				DEBUG_INFORMATION_FORMAT = "dwarf-with-dsym";
				ENABLE_NS_ASSERTIONS = NO;
				ENABLE_STRICT_OBJC_MSGSEND = YES;
				GCC_C_LANGUAGE_STANDARD = gnu11;
				GCC_NO_COMMON_BLOCKS = YES;
				GCC_WARN_64_TO_32_BIT_CONVERSION = YES;
				GCC_WARN_ABOUT_RETURN_TYPE = YES_ERROR;
				GCC_WARN_UNDECLARED_SELECTOR = YES;
				GCC_WARN_UNINITIALIZED_AUTOS = YES_AGGRESSIVE;
				GCC_WARN_UNUSED_FUNCTION = YES;
				GCC_WARN_UNUSED_VARIABLE = YES;
				MTL_ENABLE_DEBUG_INFO = NO;
				MTL_FAST_MATH = YES;
				SWIFT_COMPILATION_MODE = wholemodule;
				SWIFT_OPTIMIZATION_LEVEL = "-O";
			};
			name = Release;
		};
		9FC33AA9255EF64B00559CDE /* Debug */ = {
			isa = XCBuildConfiguration;
			buildSettings = {
				ASSETCATALOG_COMPILER_APPICON_NAME = AppIcon;
				ASSETCATALOG_COMPILER_GLOBAL_ACCENT_COLOR_NAME = AccentColor;
				CODE_SIGN_STYLE = Automatic;
				DEVELOPMENT_TEAM = 49LSS4CMK7;
				ENABLE_PREVIEWS = YES;
				INFOPLIST_FILE = iOS/Info.plist;
				IPHONEOS_DEPLOYMENT_TARGET = 14.0;
				LD_RUNPATH_SEARCH_PATHS = (
					"$(inherited)",
					"@executable_path/Frameworks",
				);
				PRODUCT_BUNDLE_IDENTIFIER = com.littlepage.CoreDataExample;
				PRODUCT_NAME = CoreDataExample;
				SDKROOT = iphoneos;
				SWIFT_VERSION = 5.0;
				TARGETED_DEVICE_FAMILY = "1,2";
			};
			name = Debug;
		};
		9FC33AAA255EF64B00559CDE /* Release */ = {
			isa = XCBuildConfiguration;
			buildSettings = {
				ASSETCATALOG_COMPILER_APPICON_NAME = AppIcon;
				ASSETCATALOG_COMPILER_GLOBAL_ACCENT_COLOR_NAME = AccentColor;
				CODE_SIGN_STYLE = Automatic;
				DEVELOPMENT_TEAM = 49LSS4CMK7;
				ENABLE_PREVIEWS = YES;
				INFOPLIST_FILE = iOS/Info.plist;
				IPHONEOS_DEPLOYMENT_TARGET = 14.0;
				LD_RUNPATH_SEARCH_PATHS = (
					"$(inherited)",
					"@executable_path/Frameworks",
				);
				PRODUCT_BUNDLE_IDENTIFIER = com.littlepage.CoreDataExample;
				PRODUCT_NAME = CoreDataExample;
				SDKROOT = iphoneos;
				SWIFT_VERSION = 5.0;
				TARGETED_DEVICE_FAMILY = "1,2";
				VALIDATE_PRODUCT = YES;
			};
			name = Release;
		};
		9FC33AAC255EF64B00559CDE /* Debug */ = {
			isa = XCBuildConfiguration;
			buildSettings = {
				ASSETCATALOG_COMPILER_APPICON_NAME = AppIcon;
				ASSETCATALOG_COMPILER_GLOBAL_ACCENT_COLOR_NAME = AccentColor;
				CODE_SIGN_ENTITLEMENTS = macOS/macOS.entitlements;
				CODE_SIGN_STYLE = Automatic;
				COMBINE_HIDPI_IMAGES = YES;
				DEVELOPMENT_TEAM = 49LSS4CMK7;
				ENABLE_HARDENED_RUNTIME = YES;
				ENABLE_PREVIEWS = YES;
				INFOPLIST_FILE = macOS/Info.plist;
				LD_RUNPATH_SEARCH_PATHS = (
					"$(inherited)",
					"@executable_path/../Frameworks",
				);
				MACOSX_DEPLOYMENT_TARGET = 11.0;
				PRODUCT_BUNDLE_IDENTIFIER = com.littlepage.CoreDataExample;
				PRODUCT_NAME = CoreDataExample;
				SDKROOT = macosx;
				SWIFT_VERSION = 5.0;
			};
			name = Debug;
		};
		9FC33AAD255EF64B00559CDE /* Release */ = {
			isa = XCBuildConfiguration;
			buildSettings = {
				ASSETCATALOG_COMPILER_APPICON_NAME = AppIcon;
				ASSETCATALOG_COMPILER_GLOBAL_ACCENT_COLOR_NAME = AccentColor;
				CODE_SIGN_ENTITLEMENTS = macOS/macOS.entitlements;
				CODE_SIGN_STYLE = Automatic;
				COMBINE_HIDPI_IMAGES = YES;
				DEVELOPMENT_TEAM = 49LSS4CMK7;
				ENABLE_HARDENED_RUNTIME = YES;
				ENABLE_PREVIEWS = YES;
				INFOPLIST_FILE = macOS/Info.plist;
				LD_RUNPATH_SEARCH_PATHS = (
					"$(inherited)",
					"@executable_path/../Frameworks",
				);
				MACOSX_DEPLOYMENT_TARGET = 11.0;
				PRODUCT_BUNDLE_IDENTIFIER = com.littlepage.CoreDataExample;
				PRODUCT_NAME = CoreDataExample;
				SDKROOT = macosx;
				SWIFT_VERSION = 5.0;
			};
			name = Release;
		};
/* End XCBuildConfiguration section */

/* Begin XCConfigurationList section */
		9FC33A8B255EF64900559CDE /* Build configuration list for PBXProject "CoreDataExample" */ = {
			isa = XCConfigurationList;
			buildConfigurations = (
				9FC33AA6255EF64B00559CDE /* Debug */,
				9FC33AA7255EF64B00559CDE /* Release */,
			);
			defaultConfigurationIsVisible = 0;
			defaultConfigurationName = Release;
		};
		9FC33AA8255EF64B00559CDE /* Build configuration list for PBXNativeTarget "CoreDataExample (iOS)" */ = {
			isa = XCConfigurationList;
			buildConfigurations = (
				9FC33AA9255EF64B00559CDE /* Debug */,
				9FC33AAA255EF64B00559CDE /* Release */,
			);
			defaultConfigurationIsVisible = 0;
			defaultConfigurationName = Release;
		};
		9FC33AAB255EF64B00559CDE /* Build configuration list for PBXNativeTarget "CoreDataExample (macOS)" */ = {
			isa = XCConfigurationList;
			buildConfigurations = (
				9FC33AAC255EF64B00559CDE /* Debug */,
				9FC33AAD255EF64B00559CDE /* Release */,
			);
			defaultConfigurationIsVisible = 0;
			defaultConfigurationName = Release;
		};
/* End XCConfigurationList section */

/* Begin XCVersionGroup section */
		9FC33AB0255EF66300559CDE /* CoreDataExample.xcdatamodeld */ = {
			isa = XCVersionGroup;
			children = (
				9FC33AB1255EF66300559CDE /* CoreDataExample.xcdatamodel */,
			);
			currentVersion = 9FC33AB1255EF66300559CDE /* CoreDataExample.xcdatamodel */;
			path = CoreDataExample.xcdatamodeld;
			sourceTree = "<group>";
			versionGroupType = wrapper.xcdatamodel;
		};
/* End XCVersionGroup section */
	};
	rootObject = 9FC33A88255EF64900559CDE /* Project object */;
}
